
Microsoft Visual Studio Solution File, Format Version 12.00
# Visual Studio Version 16
VisualStudioVersion = 16.0.30517.126
MinimumVisualStudioVersion = 10.0.40219.1
Project("{FAE04EC0-301F-11D3-BF4B-00C04F79EFBC}") = "ThirdVoyage", "ThirdVoyage\ThirdVoyage.csproj", "{57F6F92E-8642-4DEA-953C-9F950CFE43E6}"
EndProject
Global
	GlobalSection(SolutionConfigurationPlatforms) = preSolution
		Debug|Any CPU = Debug|Any CPU
		Release|Any CPU = Release|Any CPU
	EndGlobalSection
	GlobalSection(ProjectConfigurationPlatforms) = postSolution
		{57F6F92E-8642-4DEA-953C-9F950CFE43E6}.Debug|Any CPU.ActiveCfg = Debug|Any CPU
		{57F6F92E-8642-4DEA-953C-9F950CFE43E6}.Debug|Any CPU.Build.0 = Debug|Any CPU
		{57F6F92E-8642-4DEA-953C-9F950CFE43E6}.Release|Any CPU.ActiveCfg = Release|Any CPU
		{57F6F92E-8642-4DEA-953C-9F950CFE43E6}.Release|Any CPU.Build.0 = Release|Any CPU
	EndGlobalSection
	GlobalSection(SolutionProperties) = preSolution
		HideSolutionNode = FALSE
	EndGlobalSection
	GlobalSection(ExtensibilityGlobals) = postSolution
		SolutionGuid = {64EECB01-14BF-4BA0-8D10-0FDDABA1D3A8}
	EndGlobalSection
EndGlobal
